// !$*UTF8*$!
{
	archiveVersion = 1;
	classes = {
	};
	objectVersion = 55;
	objects = {

/* Begin PBXBuildFile section */
		143D87F5282937160018A31B /* Tests_iOS.swift in Sources */ = {isa = PBXBuildFile; fileRef = 143D87F4282937160018A31B /* Tests_iOS.swift */; };
		143D87F7282937160018A31B /* Tests_iOSLaunchTests.swift in Sources */ = {isa = PBXBuildFile; fileRef = 143D87F6282937160018A31B /* Tests_iOSLaunchTests.swift */; };
		143D8801282937160018A31B /* Tests_macOS.swift in Sources */ = {isa = PBXBuildFile; fileRef = 143D8800282937160018A31B /* Tests_macOS.swift */; };
		143D8803282937160018A31B /* Tests_macOSLaunchTests.swift in Sources */ = {isa = PBXBuildFile; fileRef = 143D8802282937160018A31B /* Tests_macOSLaunchTests.swift */; };
		143D8804282937160018A31B /* sample_webviewApp.swift in Sources */ = {isa = PBXBuildFile; fileRef = 143D87DC282937110018A31B /* sample_webviewApp.swift */; };
		143D8805282937160018A31B /* sample_webviewApp.swift in Sources */ = {isa = PBXBuildFile; fileRef = 143D87DC282937110018A31B /* sample_webviewApp.swift */; };
		143D8806282937160018A31B /* ContentView.swift in Sources */ = {isa = PBXBuildFile; fileRef = 143D87DD282937110018A31B /* ContentView.swift */; };
		143D8807282937160018A31B /* ContentView.swift in Sources */ = {isa = PBXBuildFile; fileRef = 143D87DD282937110018A31B /* ContentView.swift */; };
		143D8808282937160018A31B /* Assets.xcassets in Resources */ = {isa = PBXBuildFile; fileRef = 143D87DE282937160018A31B /* Assets.xcassets */; };
		143D8809282937160018A31B /* Assets.xcassets in Resources */ = {isa = PBXBuildFile; fileRef = 143D87DE282937160018A31B /* Assets.xcassets */; };
		143D8819282939B50018A31B /* MyWebView.swift in Sources */ = {isa = PBXBuildFile; fileRef = 143D8818282939B50018A31B /* MyWebView.swift */; };
		143D881A282939B50018A31B /* MyWebView.swift in Sources */ = {isa = PBXBuildFile; fileRef = 143D8818282939B50018A31B /* MyWebView.swift */; };
/* End PBXBuildFile section */

/* Begin PBXContainerItemProxy section */
		143D87F1282937160018A31B /* PBXContainerItemProxy */ = {
			isa = PBXContainerItemProxy;
			containerPortal = 143D87D7282937110018A31B /* Project object */;
			proxyType = 1;
			remoteGlobalIDString = 143D87E2282937160018A31B;
			remoteInfo = "sample-webview (iOS)";
		};
		143D87FD282937160018A31B /* PBXContainerItemProxy */ = {
			isa = PBXContainerItemProxy;
			containerPortal = 143D87D7282937110018A31B /* Project object */;
			proxyType = 1;
			remoteGlobalIDString = 143D87E8282937160018A31B;
			remoteInfo = "sample-webview (macOS)";
		};
/* End PBXContainerItemProxy section */

/* Begin PBXFileReference section */
		143D87DC282937110018A31B /* sample_webviewApp.swift */ = {isa = PBXFileReference; lastKnownFileType = sourcecode.swift; path = sample_webviewApp.swift; sourceTree = "<group>"; };
		143D87DD282937110018A31B /* ContentView.swift */ = {isa = PBXFileReference; lastKnownFileType = sourcecode.swift; path = ContentView.swift; sourceTree = "<group>"; };
		143D87DE282937160018A31B /* Assets.xcassets */ = {isa = PBXFileReference; lastKnownFileType = folder.assetcatalog; path = Assets.xcassets; sourceTree = "<group>"; };
		143D87E3282937160018A31B /* sample-webview.app */ = {isa = PBXFileReference; explicitFileType = wrapper.application; includeInIndex = 0; path = "sample-webview.app"; sourceTree = BUILT_PRODUCTS_DIR; };
		143D87E9282937160018A31B /* sample-webview.app */ = {isa = PBXFileReference; explicitFileType = wrapper.application; includeInIndex = 0; path = "sample-webview.app"; sourceTree = BUILT_PRODUCTS_DIR; };
		143D87EB282937160018A31B /* macOS.entitlements */ = {isa = PBXFileReference; lastKnownFileType = text.plist.entitlements; path = macOS.entitlements; sourceTree = "<group>"; };
		143D87F0282937160018A31B /* Tests iOS.xctest */ = {isa = PBXFileReference; explicitFileType = wrapper.cfbundle; includeInIndex = 0; path = "Tests iOS.xctest"; sourceTree = BUILT_PRODUCTS_DIR; };
		143D87F4282937160018A31B /* Tests_iOS.swift */ = {isa = PBXFileReference; lastKnownFileType = sourcecode.swift; path = Tests_iOS.swift; sourceTree = "<group>"; };
		143D87F6282937160018A31B /* Tests_iOSLaunchTests.swift */ = {isa = PBXFileReference; lastKnownFileType = sourcecode.swift; path = Tests_iOSLaunchTests.swift; sourceTree = "<group>"; };
		143D87FC282937160018A31B /* Tests macOS.xctest */ = {isa = PBXFileReference; explicitFileType = wrapper.cfbundle; includeInIndex = 0; path = "Tests macOS.xctest"; sourceTree = BUILT_PRODUCTS_DIR; };
		143D8800282937160018A31B /* Tests_macOS.swift */ = {isa = PBXFileReference; lastKnownFileType = sourcecode.swift; path = Tests_macOS.swift; sourceTree = "<group>"; };
		143D8802282937160018A31B /* Tests_macOSLaunchTests.swift */ = {isa = PBXFileReference; lastKnownFileType = sourcecode.swift; path = Tests_macOSLaunchTests.swift; sourceTree = "<group>"; };
		143D8818282939B50018A31B /* MyWebView.swift */ = {isa = PBXFileReference; lastKnownFileType = sourcecode.swift; path = MyWebView.swift; sourceTree = "<group>"; };
/* End PBXFileReference section */

/* Begin PBXFrameworksBuildPhase section */
		143D87E0282937160018A31B /* Frameworks */ = {
			isa = PBXFrameworksBuildPhase;
			buildActionMask = 2147483647;
			files = (
			);
			runOnlyForDeploymentPostprocessing = 0;
		};
		143D87E6282937160018A31B /* Frameworks */ = {
			isa = PBXFrameworksBuildPhase;
			buildActionMask = 2147483647;
			files = (
			);
			runOnlyForDeploymentPostprocessing = 0;
		};
		143D87ED282937160018A31B /* Frameworks */ = {
			isa = PBXFrameworksBuildPhase;
			buildActionMask = 2147483647;
			files = (
			);
			runOnlyForDeploymentPostprocessing = 0;
		};
		143D87F9282937160018A31B /* Frameworks */ = {
			isa = PBXFrameworksBuildPhase;
			buildActionMask = 2147483647;
			files = (
			);
			runOnlyForDeploymentPostprocessing = 0;
		};
/* End PBXFrameworksBuildPhase section */

/* Begin PBXGroup section */
		143D87D6282937110018A31B = {
			isa = PBXGroup;
			children = (
				143D87DB282937110018A31B /* Shared */,
				143D87EA282937160018A31B /* macOS */,
				143D87F3282937160018A31B /* Tests iOS */,
				143D87FF282937160018A31B /* Tests macOS */,
				143D87E4282937160018A31B /* Products */,
			);
			sourceTree = "<group>";
		};
		143D87DB282937110018A31B /* Shared */ = {
			isa = PBXGroup;
			children = (
				143D87DC282937110018A31B /* sample_webviewApp.swift */,
				143D87DD282937110018A31B /* ContentView.swift */,
				143D87DE282937160018A31B /* Assets.xcassets */,
				143D8818282939B50018A31B /* MyWebView.swift */,
			);
			path = Shared;
			sourceTree = "<group>";
		};
		143D87E4282937160018A31B /* Products */ = {
			isa = PBXGroup;
			children = (
				143D87E3282937160018A31B /* sample-webview.app */,
				143D87E9282937160018A31B /* sample-webview.app */,
				143D87F0282937160018A31B /* Tests iOS.xctest */,
				143D87FC282937160018A31B /* Tests macOS.xctest */,
			);
			name = Products;
			sourceTree = "<group>";
		};
		143D87EA282937160018A31B /* macOS */ = {
			isa = PBXGroup;
			children = (
				143D87EB282937160018A31B /* macOS.entitlements */,
			);
			path = macOS;
			sourceTree = "<group>";
		};
		143D87F3282937160018A31B /* Tests iOS */ = {
			isa = PBXGroup;
			children = (
				143D87F4282937160018A31B /* Tests_iOS.swift */,
				143D87F6282937160018A31B /* Tests_iOSLaunchTests.swift */,
			);
			path = "Tests iOS";
			sourceTree = "<group>";
		};
		143D87FF282937160018A31B /* Tests macOS */ = {
			isa = PBXGroup;
			children = (
				143D8800282937160018A31B /* Tests_macOS.swift */,
				143D8802282937160018A31B /* Tests_macOSLaunchTests.swift */,
			);
			path = "Tests macOS";
			sourceTree = "<group>";
		};
/* End PBXGroup section */

/* Begin PBXNativeTarget section */
		143D87E2282937160018A31B /* sample-webview (iOS) */ = {
			isa = PBXNativeTarget;
			buildConfigurationList = 143D880C282937160018A31B /* Build configuration list for PBXNativeTarget "sample-webview (iOS)" */;
			buildPhases = (
				143D87DF282937160018A31B /* Sources */,
				143D87E0282937160018A31B /* Frameworks */,
				143D87E1282937160018A31B /* Resources */,
			);
			buildRules = (
			);
			dependencies = (
			);
			name = "sample-webview (iOS)";
			productName = "sample-webview (iOS)";
			productReference = 143D87E3282937160018A31B /* sample-webview.app */;
			productType = "com.apple.product-type.application";
		};
		143D87E8282937160018A31B /* sample-webview (macOS) */ = {
			isa = PBXNativeTarget;
			buildConfigurationList = 143D880F282937160018A31B /* Build configuration list for PBXNativeTarget "sample-webview (macOS)" */;
			buildPhases = (
				143D87E5282937160018A31B /* Sources */,
				143D87E6282937160018A31B /* Frameworks */,
				143D87E7282937160018A31B /* Resources */,
			);
			buildRules = (
			);
			dependencies = (
			);
			name = "sample-webview (macOS)";
			productName = "sample-webview (macOS)";
			productReference = 143D87E9282937160018A31B /* sample-webview.app */;
			productType = "com.apple.product-type.application";
		};
		143D87EF282937160018A31B /* Tests iOS */ = {
			isa = PBXNativeTarget;
			buildConfigurationList = 143D8812282937160018A31B /* Build configuration list for PBXNativeTarget "Tests iOS" */;
			buildPhases = (
				143D87EC282937160018A31B /* Sources */,
				143D87ED282937160018A31B /* Frameworks */,
				143D87EE282937160018A31B /* Resources */,
			);
			buildRules = (
			);
			dependencies = (
				143D87F2282937160018A31B /* PBXTargetDependency */,
			);
			name = "Tests iOS";
			productName = "Tests iOS";
			productReference = 143D87F0282937160018A31B /* Tests iOS.xctest */;
			productType = "com.apple.product-type.bundle.ui-testing";
		};
		143D87FB282937160018A31B /* Tests macOS */ = {
			isa = PBXNativeTarget;
			buildConfigurationList = 143D8815282937160018A31B /* Build configuration list for PBXNativeTarget "Tests macOS" */;
			buildPhases = (
				143D87F8282937160018A31B /* Sources */,
				143D87F9282937160018A31B /* Frameworks */,
				143D87FA282937160018A31B /* Resources */,
			);
			buildRules = (
			);
			dependencies = (
				143D87FE282937160018A31B /* PBXTargetDependency */,
			);
			name = "Tests macOS";
			productName = "Tests macOS";
			productReference = 143D87FC282937160018A31B /* Tests macOS.xctest */;
			productType = "com.apple.product-type.bundle.ui-testing";
		};
/* End PBXNativeTarget section */

/* Begin PBXProject section */
		143D87D7282937110018A31B /* Project object */ = {
			isa = PBXProject;
			attributes = {
				BuildIndependentTargetsInParallel = 1;
				LastSwiftUpdateCheck = 1330;
				LastUpgradeCheck = 1330;
				TargetAttributes = {
					143D87E2282937160018A31B = {
						CreatedOnToolsVersion = 13.3.1;
					};
					143D87E8282937160018A31B = {
						CreatedOnToolsVersion = 13.3.1;
					};
					143D87EF282937160018A31B = {
						CreatedOnToolsVersion = 13.3.1;
						TestTargetID = 143D87E2282937160018A31B;
					};
					143D87FB282937160018A31B = {
						CreatedOnToolsVersion = 13.3.1;
						TestTargetID = 143D87E8282937160018A31B;
					};
				};
			};
			buildConfigurationList = 143D87DA282937110018A31B /* Build configuration list for PBXProject "sample-webview" */;
			compatibilityVersion = "Xcode 13.0";
			developmentRegion = en;
			hasScannedForEncodings = 0;
			knownRegions = (
				en,
				Base,
			);
			mainGroup = 143D87D6282937110018A31B;
			productRefGroup = 143D87E4282937160018A31B /* Products */;
			projectDirPath = "";
			projectRoot = "";
			targets = (
				143D87E2282937160018A31B /* sample-webview (iOS) */,
				143D87E8282937160018A31B /* sample-webview (macOS) */,
				143D87EF282937160018A31B /* Tests iOS */,
				143D87FB282937160018A31B /* Tests macOS */,
			);
		};
/* End PBXProject section */

/* Begin PBXResourcesBuildPhase section */
		143D87E1282937160018A31B /* Resources */ = {
			isa = PBXResourcesBuildPhase;
			buildActionMask = 2147483647;
			files = (
				143D8808282937160018A31B /* Assets.xcassets in Resources */,
			);
			runOnlyForDeploymentPostprocessing = 0;
		};
		143D87E7282937160018A31B /* Resources */ = {
			isa = PBXResourcesBuildPhase;
			buildActionMask = 2147483647;
			files = (
				143D8809282937160018A31B /* Assets.xcassets in Resources */,
			);
			runOnlyForDeploymentPostprocessing = 0;
		};
		143D87EE282937160018A31B /* Resources */ = {
			isa = PBXResourcesBuildPhase;
			buildActionMask = 2147483647;
			files = (
			);
			runOnlyForDeploymentPostprocessing = 0;
		};
		143D87FA282937160018A31B /* Resources */ = {
			isa = PBXResourcesBuildPhase;
			buildActionMask = 2147483647;
			files = (
			);
			runOnlyForDeploymentPostprocessing = 0;
		};
/* End PBXResourcesBuildPhase section */

/* Begin PBXSourcesBuildPhase section */
		143D87DF282937160018A31B /* Sources */ = {
			isa = PBXSourcesBuildPhase;
			buildActionMask = 2147483647;
			files = (
				143D8806282937160018A31B /* ContentView.swift in Sources */,
				143D8804282937160018A31B /* sample_webviewApp.swift in Sources */,
				143D8819282939B50018A31B /* MyWebView.swift in Sources */,
			);
			runOnlyForDeploymentPostprocessing = 0;
		};
		143D87E5282937160018A31B /* Sources */ = {
			isa = PBXSourcesBuildPhase;
			buildActionMask = 2147483647;
			files = (
				143D8807282937160018A31B /* ContentView.swift in Sources */,
				143D8805282937160018A31B /* sample_webviewApp.swift in Sources */,
				143D881A282939B50018A31B /* MyWebView.swift in Sources */,
			);
			runOnlyForDeploymentPostprocessing = 0;
		};
		143D87EC282937160018A31B /* Sources */ = {
			isa = PBXSourcesBuildPhase;
			buildActionMask = 2147483647;
			files = (
				143D87F7282937160018A31B /* Tests_iOSLaunchTests.swift in Sources */,
				143D87F5282937160018A31B /* Tests_iOS.swift in Sources */,
			);
			runOnlyForDeploymentPostprocessing = 0;
		};
		143D87F8282937160018A31B /* Sources */ = {
			isa = PBXSourcesBuildPhase;
			buildActionMask = 2147483647;
			files = (
				143D8803282937160018A31B /* Tests_macOSLaunchTests.swift in Sources */,
				143D8801282937160018A31B /* Tests_macOS.swift in Sources */,
			);
			runOnlyForDeploymentPostprocessing = 0;
		};
/* End PBXSourcesBuildPhase section */

/* Begin PBXTargetDependency section */
		143D87F2282937160018A31B /* PBXTargetDependency */ = {
			isa = PBXTargetDependency;
			target = 143D87E2282937160018A31B /* sample-webview (iOS) */;
			targetProxy = 143D87F1282937160018A31B /* PBXContainerItemProxy */;
		};
		143D87FE282937160018A31B /* PBXTargetDependency */ = {
			isa = PBXTargetDependency;
			target = 143D87E8282937160018A31B /* sample-webview (macOS) */;
			targetProxy = 143D87FD282937160018A31B /* PBXContainerItemProxy */;
		};
/* End PBXTargetDependency section */

/* Begin XCBuildConfiguration section */
		143D880A282937160018A31B /* Debug */ = {
			isa = XCBuildConfiguration;
			buildSettings = {
				ALWAYS_SEARCH_USER_PATHS = NO;
				CLANG_ANALYZER_NONNULL = YES;
				CLANG_ANALYZER_NUMBER_OBJECT_CONVERSION = YES_AGGRESSIVE;
				CLANG_CXX_LANGUAGE_STANDARD = "gnu++17";
				CLANG_ENABLE_MODULES = YES;
				CLANG_ENABLE_OBJC_ARC = YES;
				CLANG_ENABLE_OBJC_WEAK = YES;
				CLANG_WARN_BLOCK_CAPTURE_AUTORELEASING = YES;
				CLANG_WARN_BOOL_CONVERSION = YES;
				CLANG_WARN_COMMA = YES;
				CLANG_WARN_CONSTANT_CONVERSION = YES;
				CLANG_WARN_DEPRECATED_OBJC_IMPLEMENTATIONS = YES;
				CLANG_WARN_DIRECT_OBJC_ISA_USAGE = YES_ERROR;
				CLANG_WARN_DOCUMENTATION_COMMENTS = YES;
				CLANG_WARN_EMPTY_BODY = YES;
				CLANG_WARN_ENUM_CONVERSION = YES;
				CLANG_WARN_INFINITE_RECURSION = YES;
				CLANG_WARN_INT_CONVERSION = YES;
				CLANG_WARN_NON_LITERAL_NULL_CONVERSION = YES;
				CLANG_WARN_OBJC_IMPLICIT_RETAIN_SELF = YES;
				CLANG_WARN_OBJC_LITERAL_CONVERSION = YES;
				CLANG_WARN_OBJC_ROOT_CLASS = YES_ERROR;
				CLANG_WARN_QUOTED_INCLUDE_IN_FRAMEWORK_HEADER = YES;
				CLANG_WARN_RANGE_LOOP_ANALYSIS = YES;
				CLANG_WARN_STRICT_PROTOTYPES = YES;
				CLANG_WARN_SUSPICIOUS_MOVE = YES;
				CLANG_WARN_UNGUARDED_AVAILABILITY = YES_AGGRESSIVE;
				CLANG_WARN_UNREACHABLE_CODE = YES;
				CLANG_WARN__DUPLICATE_METHOD_MATCH = YES;
				COPY_PHASE_STRIP = NO;
				DEBUG_INFORMATION_FORMAT = dwarf;
				ENABLE_STRICT_OBJC_MSGSEND = YES;
				ENABLE_TESTABILITY = YES;
				GCC_C_LANGUAGE_STANDARD = gnu11;
				GCC_DYNAMIC_NO_PIC = NO;
				GCC_NO_COMMON_BLOCKS = YES;
				GCC_OPTIMIZATION_LEVEL = 0;
				GCC_PREPROCESSOR_DEFINITIONS = (
					"DEBUG=1",
					"$(inherited)",
				);
				GCC_WARN_64_TO_32_BIT_CONVERSION = YES;
				GCC_WARN_ABOUT_RETURN_TYPE = YES_ERROR;
				GCC_WARN_UNDECLARED_SELECTOR = YES;
				GCC_WARN_UNINITIALIZED_AUTOS = YES_AGGRESSIVE;
				GCC_WARN_UNUSED_FUNCTION = YES;
				GCC_WARN_UNUSED_VARIABLE = YES;
				MTL_ENABLE_DEBUG_INFO = INCLUDE_SOURCE;
				MTL_FAST_MATH = YES;
				ONLY_ACTIVE_ARCH = YES;
				SWIFT_ACTIVE_COMPILATION_CONDITIONS = DEBUG;
				SWIFT_OPTIMIZATION_LEVEL = "-Onone";
			};
			name = Debug;
		};
		143D880B282937160018A31B /* Release */ = {
			isa = XCBuildConfiguration;
			buildSettings = {
				ALWAYS_SEARCH_USER_PATHS = NO;
				CLANG_ANALYZER_NONNULL = YES;
				CLANG_ANALYZER_NUMBER_OBJECT_CONVERSION = YES_AGGRESSIVE;
				CLANG_CXX_LANGUAGE_STANDARD = "gnu++17";
				CLANG_ENABLE_MODULES = YES;
				CLANG_ENABLE_OBJC_ARC = YES;
				CLANG_ENABLE_OBJC_WEAK = YES;
				CLANG_WARN_BLOCK_CAPTURE_AUTORELEASING = YES;
				CLANG_WARN_BOOL_CONVERSION = YES;
				CLANG_WARN_COMMA = YES;
				CLANG_WARN_CONSTANT_CONVERSION = YES;
				CLANG_WARN_DEPRECATED_OBJC_IMPLEMENTATIONS = YES;
				CLANG_WARN_DIRECT_OBJC_ISA_USAGE = YES_ERROR;
				CLANG_WARN_DOCUMENTATION_COMMENTS = YES;
				CLANG_WARN_EMPTY_BODY = YES;
				CLANG_WARN_ENUM_CONVERSION = YES;
				CLANG_WARN_INFINITE_RECURSION = YES;
				CLANG_WARN_INT_CONVERSION = YES;
				CLANG_WARN_NON_LITERAL_NULL_CONVERSION = YES;
				CLANG_WARN_OBJC_IMPLICIT_RETAIN_SELF = YES;
				CLANG_WARN_OBJC_LITERAL_CONVERSION = YES;
				CLANG_WARN_OBJC_ROOT_CLASS = YES_ERROR;
				CLANG_WARN_QUOTED_INCLUDE_IN_FRAMEWORK_HEADER = YES;
				CLANG_WARN_RANGE_LOOP_ANALYSIS = YES;
				CLANG_WARN_STRICT_PROTOTYPES = YES;
				CLANG_WARN_SUSPICIOUS_MOVE = YES;
				CLANG_WARN_UNGUARDED_AVAILABILITY = YES_AGGRESSIVE;
				CLANG_WARN_UNREACHABLE_CODE = YES;
				CLANG_WARN__DUPLICATE_METHOD_MATCH = YES;
				COPY_PHASE_STRIP = NO;
				DEBUG_INFORMATION_FORMAT = "dwarf-with-dsym";
				ENABLE_NS_ASSERTIONS = NO;
				ENABLE_STRICT_OBJC_MSGSEND = YES;
				GCC_C_LANGUAGE_STANDARD = gnu11;
				GCC_NO_COMMON_BLOCKS = YES;
				GCC_WARN_64_TO_32_BIT_CONVERSION = YES;
				GCC_WARN_ABOUT_RETURN_TYPE = YES_ERROR;
				GCC_WARN_UNDECLARED_SELECTOR = YES;
				GCC_WARN_UNINITIALIZED_AUTOS = YES_AGGRESSIVE;
				GCC_WARN_UNUSED_FUNCTION = YES;
				GCC_WARN_UNUSED_VARIABLE = YES;
				MTL_ENABLE_DEBUG_INFO = NO;
				MTL_FAST_MATH = YES;
				SWIFT_COMPILATION_MODE = wholemodule;
				SWIFT_OPTIMIZATION_LEVEL = "-O";
			};
			name = Release;
		};
		143D880D282937160018A31B /* Debug */ = {
			isa = XCBuildConfiguration;
			buildSettings = {
				ASSETCATALOG_COMPILER_APPICON_NAME = AppIcon;
				ASSETCATALOG_COMPILER_GLOBAL_ACCENT_COLOR_NAME = AccentColor;
				CODE_SIGN_STYLE = Automatic;
				CURRENT_PROJECT_VERSION = 1;
				ENABLE_PREVIEWS = YES;
				GENERATE_INFOPLIST_FILE = YES;
				INFOPLIST_KEY_UIApplicationSceneManifest_Generation = YES;
				INFOPLIST_KEY_UIApplicationSupportsIndirectInputEvents = YES;
				INFOPLIST_KEY_UILaunchScreen_Generation = YES;
				INFOPLIST_KEY_UISupportedInterfaceOrientations_iPad = "UIInterfaceOrientationPortrait UIInterfaceOrientationPortraitUpsideDown UIInterfaceOrientationLandscapeLeft UIInterfaceOrientationLandscapeRight";
				INFOPLIST_KEY_UISupportedInterfaceOrientations_iPhone = "UIInterfaceOrientationPortrait UIInterfaceOrientationLandscapeLeft UIInterfaceOrientationLandscapeRight";
				IPHONEOS_DEPLOYMENT_TARGET = 15.4;
				LD_RUNPATH_SEARCH_PATHS = (
					"$(inherited)",
					"@executable_path/Frameworks",
				);
				MARKETING_VERSION = 1.0;
				PRODUCT_BUNDLE_IDENTIFIER = "io.vicevil4.sample-webview";
				PRODUCT_NAME = "sample-webview";
				SDKROOT = iphoneos;
				SWIFT_EMIT_LOC_STRINGS = YES;
				SWIFT_VERSION = 5.0;
				TARGETED_DEVICE_FAMILY = "1,2";
			};
			name = Debug;
		};
		143D880E282937160018A31B /* Release */ = {
			isa = XCBuildConfiguration;
			buildSettings = {
				ASSETCATALOG_COMPILER_APPICON_NAME = AppIcon;
				ASSETCATALOG_COMPILER_GLOBAL_ACCENT_COLOR_NAME = AccentColor;
				CODE_SIGN_STYLE = Automatic;
				CURRENT_PROJECT_VERSION = 1;
				ENABLE_PREVIEWS = YES;
				GENERATE_INFOPLIST_FILE = YES;
				INFOPLIST_KEY_UIApplicationSceneManifest_Generation = YES;
				INFOPLIST_KEY_UIApplicationSupportsIndirectInputEvents = YES;
				INFOPLIST_KEY_UILaunchScreen_Generation = YES;
				INFOPLIST_KEY_UISupportedInterfaceOrientations_iPad = "UIInterfaceOrientationPortrait UIInterfaceOrientationPortraitUpsideDown UIInterfaceOrientationLandscapeLeft UIInterfaceOrientationLandscapeRight";
				INFOPLIST_KEY_UISupportedInterfaceOrientations_iPhone = "UIInterfaceOrientationPortrait UIInterfaceOrientationLandscapeLeft UIInterfaceOrientationLandscapeRight";
				IPHONEOS_DEPLOYMENT_TARGET = 15.4;
				LD_RUNPATH_SEARCH_PATHS = (
					"$(inherited)",
					"@executable_path/Frameworks",
				);
				MARKETING_VERSION = 1.0;
				PRODUCT_BUNDLE_IDENTIFIER = "io.vicevil4.sample-webview";
				PRODUCT_NAME = "sample-webview";
				SDKROOT = iphoneos;
				SWIFT_EMIT_LOC_STRINGS = YES;
				SWIFT_VERSION = 5.0;
				TARGETED_DEVICE_FAMILY = "1,2";
				VALIDATE_PRODUCT = YES;
			};
			name = Release;
		};
		143D8810282937160018A31B /* Debug */ = {
			isa = XCBuildConfiguration;
			buildSettings = {
				ASSETCATALOG_COMPILER_APPICON_NAME = AppIcon;
				ASSETCATALOG_COMPILER_GLOBAL_ACCENT_COLOR_NAME = AccentColor;
				CODE_SIGN_ENTITLEMENTS = macOS/macOS.entitlements;
				CODE_SIGN_STYLE = Automatic;
				COMBINE_HIDPI_IMAGES = YES;
				CURRENT_PROJECT_VERSION = 1;
				ENABLE_PREVIEWS = YES;
				GENERATE_INFOPLIST_FILE = YES;
				INFOPLIST_KEY_NSHumanReadableCopyright = "";
				LD_RUNPATH_SEARCH_PATHS = (
					"$(inherited)",
					"@executable_path/../Frameworks",
				);
				MACOSX_DEPLOYMENT_TARGET = 12.0;
				MARKETING_VERSION = 1.0;
				PRODUCT_BUNDLE_IDENTIFIER = "io.vicevil4.sample-webview";
				PRODUCT_NAME = "sample-webview";
				SDKROOT = macosx;
				SWIFT_EMIT_LOC_STRINGS = YES;
				SWIFT_VERSION = 5.0;
			};
			name = Debug;
		};
		143D8811282937160018A31B /* Release */ = {
			isa = XCBuildConfiguration;
			buildSettings = {
				ASSETCATALOG_COMPILER_APPICON_NAME = AppIcon;
				ASSETCATALOG_COMPILER_GLOBAL_ACCENT_COLOR_NAME = AccentColor;
				CODE_SIGN_ENTITLEMENTS = macOS/macOS.entitlements;
				CODE_SIGN_STYLE = Automatic;
				COMBINE_HIDPI_IMAGES = YES;
				CURRENT_PROJECT_VERSION = 1;
				ENABLE_PREVIEWS = YES;
				GENERATE_INFOPLIST_FILE = YES;
				INFOPLIST_KEY_NSHumanReadableCopyright = "";
				LD_RUNPATH_SEARCH_PATHS = (
					"$(inherited)",
					"@executable_path/../Frameworks",
				);
				MACOSX_DEPLOYMENT_TARGET = 12.0;
				MARKETING_VERSION = 1.0;
				PRODUCT_BUNDLE_IDENTIFIER = "io.vicevil4.sample-webview";
				PRODUCT_NAME = "sample-webview";
				SDKROOT = macosx;
				SWIFT_EMIT_LOC_STRINGS = YES;
				SWIFT_VERSION = 5.0;
			};
			name = Release;
		};
		143D8813282937160018A31B /* Debug */ = {
			isa = XCBuildConfiguration;
			buildSettings = {
				ALWAYS_EMBED_SWIFT_STANDARD_LIBRARIES = YES;
				CODE_SIGN_STYLE = Automatic;
				CURRENT_PROJECT_VERSION = 1;
				GENERATE_INFOPLIST_FILE = YES;
				IPHONEOS_DEPLOYMENT_TARGET = 15.4;
				MARKETING_VERSION = 1.0;
				PRODUCT_BUNDLE_IDENTIFIER = "io.vicevil4.Tests-iOS";
				PRODUCT_NAME = "$(TARGET_NAME)";
				SDKROOT = iphoneos;
				SWIFT_EMIT_LOC_STRINGS = NO;
				SWIFT_VERSION = 5.0;
				TARGETED_DEVICE_FAMILY = "1,2";
				TEST_TARGET_NAME = "sample-webview (iOS)";
			};
			name = Debug;
		};
		143D8814282937160018A31B /* Release */ = {
			isa = XCBuildConfiguration;
			buildSettings = {
				ALWAYS_EMBED_SWIFT_STANDARD_LIBRARIES = YES;
				CODE_SIGN_STYLE = Automatic;
				CURRENT_PROJECT_VERSION = 1;
				GENERATE_INFOPLIST_FILE = YES;
				IPHONEOS_DEPLOYMENT_TARGET = 15.4;
				MARKETING_VERSION = 1.0;
				PRODUCT_BUNDLE_IDENTIFIER = "io.vicevil4.Tests-iOS";
				PRODUCT_NAME = "$(TARGET_NAME)";
				SDKROOT = iphoneos;
				SWIFT_EMIT_LOC_STRINGS = NO;
				SWIFT_VERSION = 5.0;
				TARGETED_DEVICE_FAMILY = "1,2";
				TEST_TARGET_NAME = "sample-webview (iOS)";
				VALIDATE_PRODUCT = YES;
			};
			name = Release;
		};
		143D8816282937160018A31B /* Debug */ = {
			isa = XCBuildConfiguration;
			buildSettings = {
				ALWAYS_EMBED_SWIFT_STANDARD_LIBRARIES = YES;
				CODE_SIGN_STYLE = Automatic;
				CURRENT_PROJECT_VERSION = 1;
				GENERATE_INFOPLIST_FILE = YES;
				MACOSX_DEPLOYMENT_TARGET = 12.0;
				MARKETING_VERSION = 1.0;
				PRODUCT_BUNDLE_IDENTIFIER = "io.vicevil4.Tests-macOS";
				PRODUCT_NAME = "$(TARGET_NAME)";
				SDKROOT = macosx;
				SWIFT_EMIT_LOC_STRINGS = NO;
				SWIFT_VERSION = 5.0;
				TEST_TARGET_NAME = "sample-webview (macOS)";
			};
			name = Debug;
		};
		143D8817282937160018A31B /* Release */ = {
			isa = XCBuildConfiguration;
			buildSettings = {
				ALWAYS_EMBED_SWIFT_STANDARD_LIBRARIES = YES;
				CODE_SIGN_STYLE = Automatic;
				CURRENT_PROJECT_VERSION = 1;
				GENERATE_INFOPLIST_FILE = YES;
				MACOSX_DEPLOYMENT_TARGET = 12.0;
				MARKETING_VERSION = 1.0;
				PRODUCT_BUNDLE_IDENTIFIER = "io.vicevil4.Tests-macOS";
				PRODUCT_NAME = "$(TARGET_NAME)";
				SDKROOT = macosx;
				SWIFT_EMIT_LOC_STRINGS = NO;
				SWIFT_VERSION = 5.0;
				TEST_TARGET_NAME = "sample-webview (macOS)";
			};
			name = Release;
		};
/* End XCBuildConfiguration section */

/* Begin XCConfigurationList section */
		143D87DA282937110018A31B /* Build configuration list for PBXProject "sample-webview" */ = {
			isa = XCConfigurationList;
			buildConfigurations = (
				143D880A282937160018A31B /* Debug */,
				143D880B282937160018A31B /* Release */,
			);
			defaultConfigurationIsVisible = 0;
			defaultConfigurationName = Release;
		};
		143D880C282937160018A31B /* Build configuration list for PBXNativeTarget "sample-webview (iOS)" */ = {
			isa = XCConfigurationList;
			buildConfigurations = (
				143D880D282937160018A31B /* Debug */,
				143D880E282937160018A31B /* Release */,
			);
			defaultConfigurationIsVisible = 0;
			defaultConfigurationName = Release;
		};
		143D880F282937160018A31B /* Build configuration list for PBXNativeTarget "sample-webview (macOS)" */ = {
			isa = XCConfigurationList;
			buildConfigurations = (
				143D8810282937160018A31B /* Debug */,
				143D8811282937160018A31B /* Release */,
			);
			defaultConfigurationIsVisible = 0;
			defaultConfigurationName = Release;
		};
		143D8812282937160018A31B /* Build configuration list for PBXNativeTarget "Tests iOS" */ = {
			isa = XCConfigurationList;
			buildConfigurations = (
				143D8813282937160018A31B /* Debug */,
				143D8814282937160018A31B /* Release */,
			);
			defaultConfigurationIsVisible = 0;
			defaultConfigurationName = Release;
		};
		143D8815282937160018A31B /* Build configuration list for PBXNativeTarget "Tests macOS" */ = {
			isa = XCConfigurationList;
			buildConfigurations = (
				143D8816282937160018A31B /* Debug */,
				143D8817282937160018A31B /* Release */,
			);
			defaultConfigurationIsVisible = 0;
			defaultConfigurationName = Release;
		};
/* End XCConfigurationList section */
	};
	rootObject = 143D87D7282937110018A31B /* Project object */;
}
